{
	"name": "@tellescope/validation",
	"version": "1.246.2",
	"lockfileVersion": 3,
	"requires": true,
	"packages": {
		"": {
			"name": "@tellescope/validation",
			"version": "1.242.7",
			"license": "MIT",
			"dependencies": {
				"validator": "13.15.26"
			}
		},
		"../constants": {
			"name": "@tellescope/constants",
			"version": "1.235.0",
			"extraneous": true,
			"license": "MIT",
			"dependencies": {
				"@tellescope/types-models": "1.235.0",
				"@tellescope/types-utilities": "1.235.0"
			},
			"devDependencies": {
				"@typescript-eslint/eslint-plugin": "4.33.0",
				"@typescript-eslint/parser": "4.33.0",
				"eslint": "7.32.0",
				"typescript": "4.9.3"
			}
		},
		"../schema": {
			"name": "@tellescope/schema",
			"version": "1.232.1",
			"extraneous": true,
			"license": "MIT",
			"dependencies": {
				"@tellescope/constants": "1.232.1",
				"@tellescope/types-client": "1.232.1",
				"@tellescope/types-models": "1.232.1",
				"@tellescope/types-server": "1.232.1",
				"@tellescope/types-utilities": "1.232.1",
				"@tellescope/utilities": "1.232.1",
				"@tellescope/validation": "1.232.1",
				"validator": "13.11.0"
			},
			"devDependencies": {
				"@types/express": "4.17.14",
				"@types/validator": "13.11.9",
				"@typescript-eslint/eslint-plugin": "^4.33.0",
				"@typescript-eslint/parser": "^4.33.0",
				"eslint": "^7.32.0",
				"typescript": "4.9.3"
			}
		},
		"../types-client": {
			"name": "@tellescope/types-client",
			"version": "1.235.0",
			"extraneous": true,
			"license": "MIT",
			"devDependencies": {
				"@tellescope/types-models": "1.235.0",
				"@typescript-eslint/eslint-plugin": "4.33.0",
				"@typescript-eslint/parser": "4.33.0",
				"eslint": "7.32.0",
				"eslint-plugin-react": "7.31.11",
				"typescript": "4.9.3"
			}
		},
		"../types-models": {
			"name": "@tellescope/types-models",
			"version": "1.235.0",
			"extraneous": true,
			"license": "MIT",
			"devDependencies": {
				"@tellescope/types-utilities": "1.235.0",
				"@typescript-eslint/eslint-plugin": "4.33.0",
				"@typescript-eslint/parser": "4.33.0",
				"eslint": "7.32.0",
				"eslint-plugin-react": "7.31.11",
				"typescript": "4.9.3"
			}
		},
		"../types-server": {
			"name": "@tellescope/types-server",
			"version": "1.232.1",
			"extraneous": true,
			"license": "MIT",
			"devDependencies": {
				"@tellescope/types-models": "1.232.1",
				"@typescript-eslint/eslint-plugin": "^4.33.0",
				"@typescript-eslint/parser": "^4.33.0",
				"eslint": "^7.32.0",
				"eslint-plugin-react": "^7.26.1",
				"mongodb": "5.8.0",
				"typescript": "4.9.3"
			}
		},
		"../types-utilities": {
			"name": "@tellescope/types-utilities",
			"version": "1.235.0",
			"extraneous": true,
			"license": "MIT",
			"devDependencies": {
				"@typescript-eslint/eslint-plugin": "4.33.0",
				"@typescript-eslint/parser": "4.33.0",
				"eslint": "7.32.0",
				"eslint-plugin-react": "7.31.11",
				"typescript": "4.9.3"
			}
		},
		"../utilities": {
			"name": "@tellescope/utilities",
			"version": "1.235.0",
			"extraneous": true,
			"license": "MIT",
			"dependencies": {
				"@tellescope/constants": "1.235.0",
				"@tellescope/types-models": "1.235.0",
				"luxon": "3.2.1",
				"sanitize-html": "2.10.0"
			},
			"devDependencies": {
				"@types/luxon": "3.2.1",
				"@types/sanitize-html": "2.9.0",
				"@typescript-eslint/eslint-plugin": "4.33.0",
				"@typescript-eslint/parser": "4.33.0",
				"eslint": "7.32.0",
				"typescript": "4.9.3"
			}
		},
		"node_modules/validator": {
			"version": "13.15.26",
			"resolved": "https://registry.npmjs.org/validator/-/validator-13.15.26.tgz",
			"integrity": "sha512-spH26xU080ydGggxRyR1Yhcbgx+j3y5jbNXk/8L+iRvdIEQ4uTRH2Sgf2dokud6Q4oAtsbNvJ1Ft+9xmm6IZcA==",
			"license": "MIT",
			"engines": {
				"node": ">= 0.10"
			}
		}
	}
}
