{
	"name": "@tellescope/validation",
	"version": "1.83.2",
	"lockfileVersion": 2,
	"requires": true,
	"packages": {
		"": {
			"name": "@tellescope/validation",
			"version": "1.72.1",
			"license": "MIT",
			"devDependencies": {
				"bson": "^5.0.0"
			}
		},
		"../constants": {
			"name": "@tellescope/constants",
			"version": "0.0.25",
			"extraneous": true,
			"license": "MIT",
			"devDependencies": {
				"express": "^4.17.1"
			}
		},
		"../types-models": {
			"name": "@tellescope/types-models",
			"version": "0.0.25",
			"extraneous": true,
			"license": "MIT",
			"devDependencies": {
				"@tellescope/types-utilities": "^0.0.25",
				"@typescript-eslint/eslint-plugin": "^4.33.0",
				"@typescript-eslint/parser": "^4.33.0",
				"eslint": "^7.32.0",
				"eslint-plugin-react": "^7.26.1",
				"nodemon": "^2.0.13",
				"typescript": "^4.4.3"
			}
		},
		"../types-utilities": {
			"name": "@tellescope/types-utilities",
			"version": "0.0.25",
			"extraneous": true,
			"license": "MIT",
			"devDependencies": {
				"@typescript-eslint/eslint-plugin": "^4.33.0",
				"@typescript-eslint/parser": "^4.33.0",
				"eslint": "^7.32.0",
				"eslint-plugin-react": "^7.26.1",
				"nodemon": "^2.0.13",
				"typescript": "^4.4.3"
			}
		},
		"../utilities": {
			"name": "@tellescope/utilities",
			"version": "0.0.25",
			"extraneous": true,
			"license": "MIT",
			"dependencies": {
				"@tellescope/types-models": "^0.0.25",
				"mongodb": "^4.1.2"
			},
			"devDependencies": {
				"@typescript-eslint/eslint-plugin": "^4.33.0",
				"@typescript-eslint/parser": "^4.33.0",
				"bson": "^4.5.3",
				"eslint": "^7.32.0",
				"nodemon": "^2.0.13",
				"typescript": "^4.4.3"
			}
		},
		"node_modules/bson": {
			"version": "5.5.1",
			"resolved": "https://registry.npmjs.org/bson/-/bson-5.5.1.tgz",
			"integrity": "sha512-ix0EwukN2EpC0SRWIj/7B5+A6uQMQy6KMREI9qQqvgpkV2frH63T0UDVd1SYedL6dNCmDBYB3QtXi4ISk9YT+g==",
			"dev": true,
			"engines": {
				"node": ">=14.20.1"
			}
		}
	},
	"dependencies": {
		"bson": {
			"version": "5.5.1",
			"resolved": "https://registry.npmjs.org/bson/-/bson-5.5.1.tgz",
			"integrity": "sha512-ix0EwukN2EpC0SRWIj/7B5+A6uQMQy6KMREI9qQqvgpkV2frH63T0UDVd1SYedL6dNCmDBYB3QtXi4ISk9YT+g==",
			"dev": true
		}
	}
}
