{
	"name": "@tellescope/video-chat",
	"version": "1.206.0",
	"lockfileVersion": 2,
	"requires": true,
	"packages": {
		"": {
			"name": "@tellescope/video-chat",
			"version": "1.140.0",
			"license": "MIT",
			"devDependencies": {
				"typescript": "^4.4.3"
			},
			"peerDependencies": {
				"react": "^16.8.0 || ^17.0.0 || ^18.0.0",
				"react-dom": "^16.8.0 || ^17.0.0 || ^18.0.0"
			}
		},
		"../../constants": {
			"name": "@tellescope/constants",
			"version": "1.2.1",
			"extraneous": true,
			"license": "MIT",
			"dependencies": {
				"@tellescope/types-models": "^1.2.1",
				"@tellescope/types-utilities": "^1.2.1"
			},
			"devDependencies": {
				"@types/express": "^4.17.13",
				"@typescript-eslint/eslint-plugin": "^4.33.0",
				"@typescript-eslint/parser": "^4.33.0",
				"eslint": "^7.32.0",
				"express": "^4.17.1",
				"nodemon": "^2.0.13",
				"typescript": "^4.4.3"
			}
		},
		"../../schema": {
			"name": "@tellescope/schema",
			"version": "1.2.1",
			"extraneous": true,
			"license": "MIT",
			"dependencies": {
				"@tellescope/constants": "^1.2.1",
				"@tellescope/types-client": "^1.2.1",
				"@tellescope/types-models": "^1.2.1",
				"@tellescope/types-server": "^1.2.1",
				"@tellescope/types-utilities": "^1.2.1",
				"@tellescope/validation": "^1.2.1",
				"validator": "^13.5.2"
			},
			"devDependencies": {
				"@types/express": "^4.17.13",
				"@types/validator": "^13.6.3",
				"@typescript-eslint/eslint-plugin": "^4.33.0",
				"@typescript-eslint/parser": "^4.33.0",
				"eslint": "^7.32.0",
				"nodemon": "^2.0.13",
				"typescript": "^4.4.3"
			}
		},
		"../../sdk": {
			"name": "@tellescope/sdk",
			"version": "1.2.1",
			"extraneous": true,
			"license": "MIT",
			"dependencies": {
				"@tellescope/constants": "^1.2.1",
				"@tellescope/schema": "^1.2.1",
				"@tellescope/testing": "^1.2.1",
				"@tellescope/types-client": "^1.2.1",
				"@tellescope/types-models": "^1.2.1",
				"@tellescope/types-utilities": "^1.2.1",
				"@tellescope/utilities": "^1.2.1",
				"@tellescope/validation": "^1.2.1",
				"axios": "^0.21.1",
				"dotenv": "^14.2.0",
				"express": "^4.17.1",
				"form-data": "^4.0.0",
				"socket.io-client": "^4.2.0",
				"source-map-support": "^0.5.20"
			},
			"devDependencies": {
				"@typescript-eslint/eslint-plugin": "^4.33.0",
				"@typescript-eslint/parser": "^4.33.0",
				"eslint": "^7.32.0",
				"nodemon": "^2.0.13",
				"typescript": "^4.4.3"
			}
		},
		"../../testing": {
			"name": "@tellescope/testing",
			"version": "1.2.1",
			"extraneous": true,
			"license": "MIT",
			"dependencies": {
				"@tellescope/types-utilities": "^1.2.1"
			},
			"devDependencies": {
				"@types/express": "^4.17.13",
				"@typescript-eslint/eslint-plugin": "^4.33.0",
				"@typescript-eslint/parser": "^4.33.0",
				"eslint": "^7.32.0",
				"eslint-plugin-react": "^7.26.1",
				"nodemon": "^2.0.13",
				"typescript": "^4.4.3"
			}
		},
		"../../types-client": {
			"name": "@tellescope/types-client",
			"version": "1.2.1",
			"extraneous": true,
			"license": "MIT",
			"devDependencies": {
				"@tellescope/types-models": "^1.2.1",
				"@typescript-eslint/eslint-plugin": "^4.33.0",
				"@typescript-eslint/parser": "^4.33.0",
				"eslint": "^7.32.0",
				"eslint-plugin-react": "^7.26.1",
				"nodemon": "^2.0.13",
				"typescript": "^4.4.3"
			}
		},
		"../../types-models": {
			"name": "@tellescope/types-models",
			"version": "1.2.1",
			"extraneous": true,
			"license": "MIT",
			"devDependencies": {
				"@tellescope/types-utilities": "^1.2.1",
				"@typescript-eslint/eslint-plugin": "^4.33.0",
				"@typescript-eslint/parser": "^4.33.0",
				"eslint": "^7.32.0",
				"eslint-plugin-react": "^7.26.1",
				"nodemon": "^2.0.13",
				"typescript": "^4.4.3"
			}
		},
		"../../types-server": {
			"name": "@tellescope/types-server",
			"version": "1.2.1",
			"extraneous": true,
			"license": "MIT",
			"devDependencies": {
				"@tellescope/types-models": "^1.2.1",
				"@types/express": "^4.17.13",
				"@typescript-eslint/eslint-plugin": "^4.33.0",
				"@typescript-eslint/parser": "^4.33.0",
				"eslint": "^7.32.0",
				"eslint-plugin-react": "^7.26.1",
				"express": "^4.17.1",
				"mongodb": "4.3.0",
				"nodemon": "^2.0.13",
				"typescript": "^4.4.3"
			}
		},
		"../../types-utilities": {
			"name": "@tellescope/types-utilities",
			"version": "1.2.1",
			"extraneous": true,
			"license": "MIT",
			"devDependencies": {
				"@typescript-eslint/eslint-plugin": "^4.33.0",
				"@typescript-eslint/parser": "^4.33.0",
				"eslint": "^7.32.0",
				"eslint-plugin-react": "^7.26.1",
				"nodemon": "^2.0.13",
				"typescript": "^4.4.3"
			}
		},
		"../../utilities": {
			"name": "@tellescope/utilities",
			"version": "1.2.1",
			"extraneous": true,
			"license": "MIT",
			"dependencies": {
				"@tellescope/constants": "^1.2.1",
				"@tellescope/types-models": "^1.2.1",
				"mongodb": "4.3.0"
			},
			"devDependencies": {
				"@typescript-eslint/eslint-plugin": "^4.33.0",
				"@typescript-eslint/parser": "^4.33.0",
				"bson": "^4.5.3",
				"eslint": "^7.32.0",
				"nodemon": "^2.0.13",
				"typescript": "^4.4.3"
			}
		},
		"../../validation": {
			"name": "@tellescope/validation",
			"version": "1.2.1",
			"extraneous": true,
			"license": "MIT",
			"dependencies": {
				"@tellescope/constants": "^1.2.1",
				"@tellescope/types-client": "^1.2.1",
				"@tellescope/types-models": "^1.2.1",
				"@tellescope/types-utilities": "^1.2.1",
				"@tellescope/utilities": "^1.2.1",
				"validator": "^13.5.2"
			},
			"devDependencies": {
				"@types/express": "^4.17.13",
				"@types/validator": "^13.6.3",
				"@typescript-eslint/eslint-plugin": "^4.33.0",
				"@typescript-eslint/parser": "^4.33.0",
				"bson": "^4.5.3",
				"eslint": "^7.32.0",
				"express": "^4.17.1",
				"nodemon": "^2.0.13",
				"typescript": "^4.4.3"
			}
		},
		"../components": {
			"name": "@tellescope/react-components",
			"version": "0.0.89",
			"extraneous": true,
			"license": "MIT",
			"dependencies": {
				"@emotion/react": "^11.4.1",
				"@emotion/styled": "^11.3.0",
				"@mui/icons-material": "^5.0.1",
				"@mui/material": "^5.0.2",
				"@reduxjs/toolkit": "^1.6.2",
				"@tellescope/constants": "^0.0.89",
				"@tellescope/sdk": "^0.0.89",
				"@tellescope/types-client": "^0.0.89",
				"@tellescope/types-models": "^0.0.89",
				"@tellescope/types-utilities": "^0.0.89",
				"@tellescope/utilities": "^0.0.89",
				"@typescript-eslint/eslint-plugin": "^4.33.0",
				"@typescript-eslint/parser": "^4.33.0",
				"css-to-react-native": "^3.0.0",
				"eslint": "^7.32.0",
				"eslint-plugin-react": "^7.26.1",
				"formik": "^2.2.9",
				"nodemon": "^2.0.13",
				"react-dropzone": "^11.4.2",
				"react-native": "^0.66.1",
				"react-native-paper": "^4.10.0",
				"react-native-vector-icons": "^9.0.0",
				"react-redux": "^7.2.6",
				"yup": "^0.32.10"
			},
			"devDependencies": {
				"@babel/core": "^7.16.0",
				"@storybook/addon-actions": "^5.3.21",
				"@storybook/addon-knobs": "^5.3.21",
				"@storybook/addon-links": "^5.3.21",
				"@storybook/addon-ondevice-actions": "^5.3.23",
				"@storybook/addon-ondevice-knobs": "^5.3.25",
				"@storybook/react-native": "^5.3.25",
				"@storybook/react-native-server": "^5.3.23",
				"@types/css-to-react-native": "^3.0.0",
				"@types/react": "^17.0.27",
				"@types/react-dom": "^17.0.9",
				"@types/react-native": "^0.66.1",
				"babel-loader": "^8.2.3",
				"typescript": "^4.4.3"
			},
			"peerDependencies": {
				"react": "^16.8.0 || ^17.0.0 || ^18.0.0",
				"react-dom": "^16.8.0 || ^17.0.0 || ^18.0.0"
			}
		},
		"node_modules/js-tokens": {
			"version": "4.0.0",
			"resolved": "https://registry.npmjs.org/js-tokens/-/js-tokens-4.0.0.tgz",
			"integrity": "sha512-RdJUflcE3cUzKiMqQgsCu06FPu9UdIJO0beYbPhHN4k6apgJtifcoCtT9bcxOpYBtpD2kCM6Sbzg4CausW/PKQ==",
			"peer": true
		},
		"node_modules/loose-envify": {
			"version": "1.4.0",
			"resolved": "https://registry.npmjs.org/loose-envify/-/loose-envify-1.4.0.tgz",
			"integrity": "sha512-lyuxPGr/Wfhrlem2CL/UcnUc1zcqKAImBDzukY7Y5F/yQiNdko6+fRLevlw1HgMySw7f611UIY408EtxRSoK3Q==",
			"peer": true,
			"dependencies": {
				"js-tokens": "^3.0.0 || ^4.0.0"
			},
			"bin": {
				"loose-envify": "cli.js"
			}
		},
		"node_modules/object-assign": {
			"version": "4.1.1",
			"resolved": "https://registry.npmjs.org/object-assign/-/object-assign-4.1.1.tgz",
			"integrity": "sha1-IQmtx5ZYh8/AXLvUQsrIv7s2CGM=",
			"peer": true,
			"engines": {
				"node": ">=0.10.0"
			}
		},
		"node_modules/react": {
			"version": "17.0.2",
			"resolved": "https://registry.npmjs.org/react/-/react-17.0.2.tgz",
			"integrity": "sha512-gnhPt75i/dq/z3/6q/0asP78D0u592D5L1pd7M8P+dck6Fu/jJeL6iVVK23fptSUZj8Vjf++7wXA8UNclGQcbA==",
			"peer": true,
			"dependencies": {
				"loose-envify": "^1.1.0",
				"object-assign": "^4.1.1"
			},
			"engines": {
				"node": ">=0.10.0"
			}
		},
		"node_modules/react-dom": {
			"version": "17.0.2",
			"resolved": "https://registry.npmjs.org/react-dom/-/react-dom-17.0.2.tgz",
			"integrity": "sha512-s4h96KtLDUQlsENhMn1ar8t2bEa+q/YAtj8pPPdIjPDGBDIVNsrD9aXNWqspUe6AzKCIG0C1HZZLqLV7qpOBGA==",
			"peer": true,
			"dependencies": {
				"loose-envify": "^1.1.0",
				"object-assign": "^4.1.1",
				"scheduler": "^0.20.2"
			},
			"peerDependencies": {
				"react": "17.0.2"
			}
		},
		"node_modules/scheduler": {
			"version": "0.20.2",
			"resolved": "https://registry.npmjs.org/scheduler/-/scheduler-0.20.2.tgz",
			"integrity": "sha512-2eWfGgAqqWFGqtdMmcL5zCMK1U8KlXv8SQFGglL3CEtd0aDVDWgeF/YoCmvln55m5zSk3J/20hTaSBeSObsQDQ==",
			"peer": true,
			"dependencies": {
				"loose-envify": "^1.1.0",
				"object-assign": "^4.1.1"
			}
		},
		"node_modules/typescript": {
			"version": "4.9.5",
			"resolved": "https://registry.npmjs.org/typescript/-/typescript-4.9.5.tgz",
			"integrity": "sha512-1FXk9E2Hm+QzZQ7z+McJiHL4NW1F2EzMu9Nq9i3zAaGqibafqYwCVU6WyWAuyQRRzOlxou8xZSyXLEN8oKj24g==",
			"dev": true,
			"license": "Apache-2.0",
			"bin": {
				"tsc": "bin/tsc",
				"tsserver": "bin/tsserver"
			},
			"engines": {
				"node": ">=4.2.0"
			}
		}
	},
	"dependencies": {
		"js-tokens": {
			"version": "4.0.0",
			"resolved": "https://registry.npmjs.org/js-tokens/-/js-tokens-4.0.0.tgz",
			"integrity": "sha512-RdJUflcE3cUzKiMqQgsCu06FPu9UdIJO0beYbPhHN4k6apgJtifcoCtT9bcxOpYBtpD2kCM6Sbzg4CausW/PKQ==",
			"peer": true
		},
		"loose-envify": {
			"version": "1.4.0",
			"resolved": "https://registry.npmjs.org/loose-envify/-/loose-envify-1.4.0.tgz",
			"integrity": "sha512-lyuxPGr/Wfhrlem2CL/UcnUc1zcqKAImBDzukY7Y5F/yQiNdko6+fRLevlw1HgMySw7f611UIY408EtxRSoK3Q==",
			"peer": true,
			"requires": {
				"js-tokens": "^3.0.0 || ^4.0.0"
			}
		},
		"object-assign": {
			"version": "4.1.1",
			"resolved": "https://registry.npmjs.org/object-assign/-/object-assign-4.1.1.tgz",
			"integrity": "sha1-IQmtx5ZYh8/AXLvUQsrIv7s2CGM=",
			"peer": true
		},
		"react": {
			"version": "17.0.2",
			"resolved": "https://registry.npmjs.org/react/-/react-17.0.2.tgz",
			"integrity": "sha512-gnhPt75i/dq/z3/6q/0asP78D0u592D5L1pd7M8P+dck6Fu/jJeL6iVVK23fptSUZj8Vjf++7wXA8UNclGQcbA==",
			"peer": true,
			"requires": {
				"loose-envify": "^1.1.0",
				"object-assign": "^4.1.1"
			}
		},
		"react-dom": {
			"version": "17.0.2",
			"resolved": "https://registry.npmjs.org/react-dom/-/react-dom-17.0.2.tgz",
			"integrity": "sha512-s4h96KtLDUQlsENhMn1ar8t2bEa+q/YAtj8pPPdIjPDGBDIVNsrD9aXNWqspUe6AzKCIG0C1HZZLqLV7qpOBGA==",
			"peer": true,
			"requires": {
				"loose-envify": "^1.1.0",
				"object-assign": "^4.1.1",
				"scheduler": "^0.20.2"
			}
		},
		"scheduler": {
			"version": "0.20.2",
			"resolved": "https://registry.npmjs.org/scheduler/-/scheduler-0.20.2.tgz",
			"integrity": "sha512-2eWfGgAqqWFGqtdMmcL5zCMK1U8KlXv8SQFGglL3CEtd0aDVDWgeF/YoCmvln55m5zSk3J/20hTaSBeSObsQDQ==",
			"peer": true,
			"requires": {
				"loose-envify": "^1.1.0",
				"object-assign": "^4.1.1"
			}
		},
		"typescript": {
			"version": "4.9.5",
			"resolved": "https://registry.npmjs.org/typescript/-/typescript-4.9.5.tgz",
			"integrity": "sha512-1FXk9E2Hm+QzZQ7z+McJiHL4NW1F2EzMu9Nq9i3zAaGqibafqYwCVU6WyWAuyQRRzOlxou8xZSyXLEN8oKj24g==",
			"dev": true
		}
	}
}
